
Microsoft Visual Studio Solution File, Format Version 12.00
# Visual Studio Version 17
VisualStudioVersion = 17.6.33723.286
MinimumVisualStudioVersion = 10.0.40219.1
Project("{FAE04EC0-301F-11D3-BF4B-00C04F79EFBC}") = "Painting button", "Painting button\Painting button.csproj", "{A11005F6-BFB1-4334-BBF6-7C38AF1AB7CA}"
EndProject
Global
	GlobalSection(SolutionConfigurationPlatforms) = preSolution
		Debug|Any CPU = Debug|Any CPU
		Release|Any CPU = Release|Any CPU
	EndGlobalSection
	GlobalSection(ProjectConfigurationPlatforms) = postSolution
		{A11005F6-BFB1-4334-BBF6-7C38AF1AB7CA}.Debug|Any CPU.ActiveCfg = Debug|Any CPU
		{A11005F6-BFB1-4334-BBF6-7C38AF1AB7CA}.Debug|Any CPU.Build.0 = Debug|Any CPU
		{A11005F6-BFB1-4334-BBF6-7C38AF1AB7CA}.Release|Any CPU.ActiveCfg = Release|Any CPU
		{A11005F6-BFB1-4334-BBF6-7C38AF1AB7CA}.Release|Any CPU.Build.0 = Release|Any CPU
	EndGlobalSection
	GlobalSection(SolutionProperties) = preSolution
		HideSolutionNode = FALSE
	EndGlobalSection
	GlobalSection(ExtensibilityGlobals) = postSolution
		SolutionGuid = {CE2924AF-9EA5-4DE4-B89C-47296E2D5818}
	EndGlobalSection
EndGlobal
